
Microsoft Visual Studio Solution File, Format Version 12.00
# Visual Studio 15
VisualStudioVersion = 15.0.26730.12
MinimumVisualStudioVersion = 10.0.40219.1
Project("{8BC9CEB8-8B4A-11D0-8D11-00A0C91BC942}") = "skia", "third_party\skia.vcxproj", "{FD0B837B-0C5D-3A8F-9E96-5726231B7211}"
EndProject
Project("{8BC9CEB8-8B4A-11D0-8D11-00A0C91BC942}") = "suicore", "sui\suicore.vcxproj", "{4C859412-240C-43BC-B84C-1ADF14DDD728}"
EndProject
Project("{8BC9CEB8-8B4A-11D0-8D11-00A0C91BC942}") = "suiwgx", "sui\suiwgx.vcxproj", "{6B245211-8E06-478D-8D97-B641CAB6FEC5}"
EndProject
Project("{8BC9CEB8-8B4A-11D0-8D11-00A0C91BC942}") = "Button", "control_demos\Button.vcxproj", "{88D72114-6A4A-4066-8A9F-FEF6E5FDA33A}"
EndProject
Global
	GlobalSection(SolutionConfigurationPlatforms) = preSolution
		Debug|x86 = Debug|x86
		Release|x86 = Release|x86
	EndGlobalSection
	GlobalSection(ProjectConfigurationPlatforms) = postSolution
		{FD0B837B-0C5D-3A8F-9E96-5726231B7211}.Debug|x86.ActiveCfg = Debug|Win32
		{FD0B837B-0C5D-3A8F-9E96-5726231B7211}.Debug|x86.Build.0 = Debug|Win32
		{FD0B837B-0C5D-3A8F-9E96-5726231B7211}.Release|x86.ActiveCfg = Release|Win32
		{FD0B837B-0C5D-3A8F-9E96-5726231B7211}.Release|x86.Build.0 = Release|Win32
		{4C859412-240C-43BC-B84C-1ADF14DDD728}.Debug|x86.ActiveCfg = Debug|Win32
		{4C859412-240C-43BC-B84C-1ADF14DDD728}.Debug|x86.Build.0 = Debug|Win32
		{4C859412-240C-43BC-B84C-1ADF14DDD728}.Release|x86.ActiveCfg = Release|Win32
		{4C859412-240C-43BC-B84C-1ADF14DDD728}.Release|x86.Build.0 = Release|Win32
		{6B245211-8E06-478D-8D97-B641CAB6FEC5}.Debug|x86.ActiveCfg = Debug|Win32
		{6B245211-8E06-478D-8D97-B641CAB6FEC5}.Debug|x86.Build.0 = Debug|Win32
		{6B245211-8E06-478D-8D97-B641CAB6FEC5}.Release|x86.ActiveCfg = Release|Win32
		{6B245211-8E06-478D-8D97-B641CAB6FEC5}.Release|x86.Build.0 = Release|Win32
		{88D72114-6A4A-4066-8A9F-FEF6E5FDA33A}.Debug|x86.ActiveCfg = Debug|Win32
		{88D72114-6A4A-4066-8A9F-FEF6E5FDA33A}.Debug|x86.Build.0 = Debug|Win32
		{88D72114-6A4A-4066-8A9F-FEF6E5FDA33A}.Release|x86.ActiveCfg = Release|Win32
		{88D72114-6A4A-4066-8A9F-FEF6E5FDA33A}.Release|x86.Build.0 = Release|Win32
	EndGlobalSection
	GlobalSection(SolutionProperties) = preSolution
		HideSolutionNode = FALSE
	EndGlobalSection
	GlobalSection(ExtensibilityGlobals) = postSolution
		SolutionGuid = {36988061-8467-41C2-AFFE-A2F420F3FAD4}
	EndGlobalSection
EndGlobal
