<?xml version="1.0" encoding="utf-8"?>
<Project ToolsVersion="4.0" xmlns="http://schemas.microsoft.com/developer/msbuild/2003">
  <ItemGroup>
    <Filter Include="src">
      <UniqueIdentifier>{1b6ac839-7222-4e36-8218-da392bd566ac}</UniqueIdentifier>
    </Filter>
  </ItemGroup>
  <ItemGroup>
    <ClCompile Include="..\..\control_demos\Button\Button.cpp">
      <Filter>src</Filter>
    </ClCompile>
    <ClCompile Include="..\..\control_demos\Button\MainWindow.cpp">
      <Filter>src</Filter>
    </ClCompile>
    <ClCompile Include="..\..\control_demos\Button\stdafx.cpp">
      <Filter>src</Filter>
    </ClCompile>
  </ItemGroup>
  <ItemGroup>
    <ClInclude Include="..\..\control_demos\Button\MainWindow.h">
      <Filter>src</Filter>
    </ClInclude>
    <ClInclude Include="..\..\control_demos\Button\stdafx.h">
      <Filter>src</Filter>
    </ClInclude>
    <ClInclude Include="..\..\control_demos\Button\targetver.h">
      <Filter>src</Filter>
    </ClInclude>
  </ItemGroup>
</Project>